
Microsoft Visual Studio Solution File, Format Version 12.00
# Visual Studio 2012
Project("{8BC9CEB8-8B4A-11D0-8D11-00A0C91BC942}") = "yusufhan_kircova_hw4", "yusufhan_kircova_hw4\yusufhan_kircova_hw4.vcxproj", "{94CDF50E-A334-440E-BEEC-042F1FB8147E}"
EndProject
Global
	GlobalSection(SolutionConfigurationPlatforms) = preSolution
		Debug|Win32 = Debug|Win32
		Release|Win32 = Release|Win32
	EndGlobalSection
	GlobalSection(ProjectConfigurationPlatforms) = postSolution
		{94CDF50E-A334-440E-BEEC-042F1FB8147E}.Debug|Win32.ActiveCfg = Debug|Win32
		{94CDF50E-A334-440E-BEEC-042F1FB8147E}.Debug|Win32.Build.0 = Debug|Win32
		{94CDF50E-A334-440E-BEEC-042F1FB8147E}.Release|Win32.ActiveCfg = Release|Win32
		{94CDF50E-A334-440E-BEEC-042F1FB8147E}.Release|Win32.Build.0 = Release|Win32
	EndGlobalSection
	GlobalSection(SolutionProperties) = preSolution
		HideSolutionNode = FALSE
	EndGlobalSection
EndGlobal
